{
  "version": 4,
  "terraform_version": "1.2.4",
  "serial": 37,
  "lineage": "1b0070eb-6cff-bab5-3e0a-cfb74f3528f2",
  "outputs": {},
  "resources": [
    {
      "module": "module.dynamodb",
      "mode": "managed",
      "type": "aws_dynamodb_table",
      "name": "netflix-movies-table",
      "provider": "provider[\"registry.terraform.io/hashicorp/aws\"]",
      "instances": [
        {
          "schema_version": 1,
          "attributes": {
            "arn": "arn:aws:dynamodb:us-east-1:443119144628:table/netflix1-default-movies-table",
            "attribute": [
              {
                "name": "show_id",
                "type": "S"
              }
            ],
            "billing_mode": "PROVISIONED",
            "deletion_protection_enabled": false,
            "global_secondary_index": [],
            "hash_key": "show_id",
            "id": "netflix1-default-movies-table",
            "local_secondary_index": [],
            "name": "netflix1-default-movies-table",
            "point_in_time_recovery": [
              {
                "enabled": false
              }
            ],
            "range_key": null,
            "read_capacity": 20,
            "replica": [],
            "restore_date_time": null,
            "restore_source_name": null,
            "restore_to_latest_time": null,
            "server_side_encryption": [],
            "stream_arn": "",
            "stream_enabled": false,
            "stream_label": "",
            "stream_view_type": "",
            "table_class": "STANDARD",
            "tags": {
              "CreationTime": "19 Jun 2023 20:08 UTC",
              "Creator": "team-devops@netflix.com",
              "Environment": "default",
              "Owner": "Netflix Devops Team"
            },
            "tags_all": {
              "CreationTime": "19 Jun 2023 20:08 UTC",
              "Creator": "team-devops@netflix.com",
              "Environment": "default",
              "Owner": "Netflix Devops Team"
            },
            "timeouts": null,
            "ttl": [
              {
                "attribute_name": "",
                "enabled": false
              }
            ],
            "write_capacity": 20
          },
          "sensitive_attributes": [],
          "private": "eyJlMmJmYjczMC1lY2FhLTExZTYtOGY4OC0zNDM2M2JjN2M0YzAiOnsiY3JlYXRlIjoxODAwMDAwMDAwMDAwLCJkZWxldGUiOjYwMDAwMDAwMDAwMCwidXBkYXRlIjozNjAwMDAwMDAwMDAwfSwic2NoZW1hX3ZlcnNpb24iOiIxIn0="
        }
      ]
    },
    {
      "module": "module.glue",
      "mode": "managed",
      "type": "aws_glue_catalog_database",
      "name": "db",
      "provider": "provider[\"registry.terraform.io/hashicorp/aws\"]",
      "instances": [
        {
          "schema_version": 0,
          "attributes": {
            "arn": "arn:aws:glue:us-east-1:443119144628:database/netflix1-default-movies-database",
            "catalog_id": "443119144628",
            "create_table_default_permission": [
              {
                "permissions": [
                  "ALL"
                ],
                "principal": [
                  {
                    "data_lake_principal_identifier": "IAM_ALLOWED_PRINCIPALS"
                  }
                ]
              }
            ],
            "description": "",
            "id": "443119144628:netflix1-default-movies-database",
            "location_uri": "",
            "name": "netflix1-default-movies-database",
            "parameters": null,
            "tags": {
              "CreationTime": "19 Jun 2023 20:08 UTC",
              "Creator": "team-devops@netflix.com",
              "Environment": "default",
              "Owner": "Netflix Devops Team"
            },
            "tags_all": {
              "CreationTime": "19 Jun 2023 20:08 UTC",
              "Creator": "team-devops@netflix.com",
              "Environment": "default",
              "Owner": "Netflix Devops Team"
            },
            "target_database": []
          },
          "sensitive_attributes": [],
          "private": "bnVsbA=="
        }
      ]
    },
    {
      "module": "module.glue",
      "mode": "managed",
      "type": "aws_glue_crawler",
      "name": "crawler",
      "provider": "provider[\"registry.terraform.io/hashicorp/aws\"]",
      "instances": [
        {
          "schema_version": 0,
          "attributes": {
            "arn": "arn:aws:glue:us-east-1:443119144628:crawler/netflix1-default-movies-crawler",
            "catalog_target": [],
            "classifiers": null,
            "configuration": "",
            "database_name": "netflix1-default-movies-database",
            "delta_target": [],
            "description": "crawler to read the netflix dataset and create tables on the Glue",
            "dynamodb_target": [],
            "id": "netflix1-default-movies-crawler",
            "jdbc_target": [],
            "lake_formation_configuration": [
              {
                "account_id": "",
                "use_lake_formation_credentials": false
              }
            ],
            "lineage_configuration": [
              {
                "crawler_lineage_settings": "DISABLE"
              }
            ],
            "mongodb_target": [],
            "name": "netflix1-default-movies-crawler",
            "recrawl_policy": [
              {
                "recrawl_behavior": "CRAWL_EVERYTHING"
              }
            ],
            "role": "netflix1-default-etl-task-role",
            "s3_target": [
              {
                "connection_name": "",
                "dlq_event_queue_arn": "",
                "event_queue_arn": "",
                "exclusions": null,
                "path": "s3://netflix1-default-datasource-movies/data-sources/netflix-movies/",
                "sample_size": 0
              }
            ],
            "schedule": "",
            "schema_change_policy": [
              {
                "delete_behavior": "LOG",
                "update_behavior": "UPDATE_IN_DATABASE"
              }
            ],
            "security_configuration": "",
            "table_prefix": "",
            "tags": {
              "CreationTime": "19 Jun 2023 20:08 UTC",
              "Creator": "team-devops@netflix.com",
              "Environment": "default",
              "Owner": "Netflix Devops Team"
            },
            "tags_all": {
              "CreationTime": "19 Jun 2023 20:08 UTC",
              "Creator": "team-devops@netflix.com",
              "Environment": "default",
              "Owner": "Netflix Devops Team"
            }
          },
          "sensitive_attributes": [],
          "private": "bnVsbA==",
          "dependencies": [
            "module.glue.aws_glue_catalog_database.db",
            "module.iam.aws_iam_role.role"
          ]
        }
      ]
    },
    {
      "module": "module.glue",
      "mode": "managed",
      "type": "aws_glue_job",
      "name": "glue_job",
      "provider": "provider[\"registry.terraform.io/hashicorp/aws\"]",
      "instances": [
        {
          "schema_version": 0,
          "attributes": {
            "arn": "arn:aws:glue:us-east-1:443119144628:job/netflix1-default-movie-job",
            "command": [
              {
                "name": "glueetl",
                "python_version": "3",
                "script_location": "s3://netflix1-default-datasource-movies/scripts/script.py"
              }
            ],
            "connections": null,
            "default_arguments": {
              "--TempDir": "s3://netflix1-default-datasource-movies/temp-dir/",
              "--enable-job-insights": "true",
              "--job-language": "python"
            },
            "description": "",
            "execution_class": "",
            "execution_property": [
              {
                "max_concurrent_runs": 1
              }
            ],
            "glue_version": "4.0",
            "id": "netflix1-default-movie-job",
            "max_capacity": 10,
            "max_retries": 0,
            "name": "netflix1-default-movie-job",
            "non_overridable_arguments": null,
            "notification_property": [],
            "number_of_workers": 10,
            "role_arn": "arn:aws:iam::443119144628:role/netflix1-default-etl-task-role",
            "security_configuration": "",
            "tags": {
              "CreationTime": "19 Jun 2023 20:08 UTC",
              "Creator": "team-devops@netflix.com",
              "Environment": "default",
              "Owner": "Netflix Devops Team"
            },
            "tags_all": {
              "CreationTime": "19 Jun 2023 20:08 UTC",
              "Creator": "team-devops@netflix.com",
              "Environment": "default",
              "Owner": "Netflix Devops Team"
            },
            "timeout": 2880,
            "worker_type": "G.1X"
          },
          "sensitive_attributes": [],
          "private": "bnVsbA==",
          "dependencies": [
            "module.iam.aws_iam_role.role"
          ]
        }
      ]
    },
    {
      "module": "module.iam",
      "mode": "managed",
      "type": "aws_iam_role",
      "name": "role",
      "provider": "provider[\"registry.terraform.io/hashicorp/aws\"]",
      "instances": [
        {
          "schema_version": 0,
          "attributes": {
            "arn": "arn:aws:iam::443119144628:role/netflix1-default-etl-task-role",
            "assume_role_policy": "{\"Statement\":[{\"Action\":\"sts:AssumeRole\",\"Effect\":\"Allow\",\"Principal\":{\"Service\":\"glue.amazonaws.com\"},\"Sid\":\"\"}],\"Version\":\"2012-10-17\"}",
            "create_date": "2023-06-19T20:08:41Z",
            "description": "",
            "force_detach_policies": false,
            "id": "netflix1-default-etl-task-role",
            "inline_policy": [],
            "managed_policy_arns": [],
            "max_session_duration": 3600,
            "name": "netflix1-default-etl-task-role",
            "name_prefix": "",
            "path": "/",
            "permissions_boundary": null,
            "tags": {
              "CreationTime": "19 Jun 2023 20:08 UTC",
              "Creator": "team-devops@netflix.com",
              "Environment": "default",
              "Owner": "Netflix Devops Team"
            },
            "tags_all": {
              "CreationTime": "19 Jun 2023 20:08 UTC",
              "Creator": "team-devops@netflix.com",
              "Environment": "default",
              "Owner": "Netflix Devops Team"
            },
            "unique_id": "AROAWOK7VR22CLM4UVQ6H"
          },
          "sensitive_attributes": [],
          "private": "bnVsbA=="
        }
      ]
    },
    {
      "module": "module.iam",
      "mode": "managed",
      "type": "aws_iam_role_policy_attachment",
      "name": "role-attach",
      "provider": "provider[\"registry.terraform.io/hashicorp/aws\"]",
      "instances": [
        {
          "schema_version": 0,
          "attributes": {
            "id": "netflix1-default-etl-task-role-20230619200842335100000002",
            "policy_arn": "arn:aws:iam::aws:policy/AmazonS3FullAccess",
            "role": "netflix1-default-etl-task-role"
          },
          "sensitive_attributes": [],
          "private": "bnVsbA==",
          "dependencies": [
            "module.iam.aws_iam_role.role"
          ]
        }
      ]
    },
    {
      "module": "module.iam",
      "mode": "managed",
      "type": "aws_iam_role_policy_attachment",
      "name": "role-attach1",
      "provider": "provider[\"registry.terraform.io/hashicorp/aws\"]",
      "instances": [
        {
          "schema_version": 0,
          "attributes": {
            "id": "netflix1-default-etl-task-role-20230619200842357600000004",
            "policy_arn": "arn:aws:iam::aws:policy/service-role/AWSGlueServiceRole",
            "role": "netflix1-default-etl-task-role"
          },
          "sensitive_attributes": [],
          "private": "bnVsbA==",
          "dependencies": [
            "module.iam.aws_iam_role.role"
          ]
        }
      ]
    },
    {
      "module": "module.iam",
      "mode": "managed",
      "type": "aws_iam_role_policy_attachment",
      "name": "role-attach2",
      "provider": "provider[\"registry.terraform.io/hashicorp/aws\"]",
      "instances": [
        {
          "schema_version": 0,
          "attributes": {
            "id": "netflix1-default-etl-task-role-20230619200842348500000003",
            "policy_arn": "arn:aws:iam::aws:policy/CloudWatchLogsFullAccess",
            "role": "netflix1-default-etl-task-role"
          },
          "sensitive_attributes": [],
          "private": "bnVsbA==",
          "dependencies": [
            "module.iam.aws_iam_role.role"
          ]
        }
      ]
    },
    {
      "module": "module.iam",
      "mode": "managed",
      "type": "aws_iam_role_policy_attachment",
      "name": "role-attach3",
      "provider": "provider[\"registry.terraform.io/hashicorp/aws\"]",
      "instances": [
        {
          "schema_version": 0,
          "attributes": {
            "id": "netflix1-default-etl-task-role-20230619200842317200000001",
            "policy_arn": "arn:aws:iam::aws:policy/AmazonDynamoDBFullAccess",
            "role": "netflix1-default-etl-task-role"
          },
          "sensitive_attributes": [],
          "private": "bnVsbA==",
          "dependencies": [
            "module.iam.aws_iam_role.role"
          ]
        }
      ]
    },
    {
      "module": "module.s3_data_source",
      "mode": "managed",
      "type": "aws_s3_bucket",
      "name": "bucket",
      "provider": "provider[\"registry.terraform.io/hashicorp/aws\"]",
      "instances": [
        {
          "schema_version": 0,
          "attributes": {
            "acceleration_status": "",
            "acl": null,
            "arn": "arn:aws:s3:::netflix1-default-datasource-movies",
            "bucket": "netflix1-default-datasource-movies",
            "bucket_domain_name": "netflix1-default-datasource-movies.s3.amazonaws.com",
            "bucket_prefix": "",
            "bucket_regional_domain_name": "netflix1-default-datasource-movies.s3.us-east-1.amazonaws.com",
            "cors_rule": [],
            "force_destroy": false,
            "grant": [
              {
                "id": "8a173e4232f94707acbd66879365da0719ef5635d5b1e72f27dfebfface1043f",
                "permissions": [
                  "FULL_CONTROL"
                ],
                "type": "CanonicalUser",
                "uri": ""
              }
            ],
            "hosted_zone_id": "Z3AQBSTGFYJSTF",
            "id": "netflix1-default-datasource-movies",
            "lifecycle_rule": [],
            "logging": [],
            "object_lock_configuration": [],
            "object_lock_enabled": false,
            "policy": "",
            "region": "us-east-1",
            "replication_configuration": [],
            "request_payer": "BucketOwner",
            "server_side_encryption_configuration": [
              {
                "rule": [
                  {
                    "apply_server_side_encryption_by_default": [
                      {
                        "kms_master_key_id": "",
                        "sse_algorithm": "AES256"
                      }
                    ],
                    "bucket_key_enabled": false
                  }
                ]
              }
            ],
            "tags": {
              "CreationTime": "19 Jun 2023 20:08 UTC",
              "Creator": "team-devops@netflix.com",
              "Environment": "default",
              "Owner": "Netflix Devops Team"
            },
            "tags_all": {
              "CreationTime": "19 Jun 2023 20:08 UTC",
              "Creator": "team-devops@netflix.com",
              "Environment": "default",
              "Owner": "Netflix Devops Team"
            },
            "timeouts": null,
            "versioning": [
              {
                "enabled": false,
                "mfa_delete": false
              }
            ],
            "website": [],
            "website_domain": null,
            "website_endpoint": null
          },
          "sensitive_attributes": [],
          "private": "eyJlMmJmYjczMC1lY2FhLTExZTYtOGY4OC0zNDM2M2JjN2M0YzAiOnsiY3JlYXRlIjoxMjAwMDAwMDAwMDAwLCJkZWxldGUiOjM2MDAwMDAwMDAwMDAsInJlYWQiOjEyMDAwMDAwMDAwMDAsInVwZGF0ZSI6MTIwMDAwMDAwMDAwMH19"
        }
      ]
    },
    {
      "module": "module.s3_data_source",
      "mode": "managed",
      "type": "aws_s3_bucket_acl",
      "name": "bucket_acl",
      "provider": "provider[\"registry.terraform.io/hashicorp/aws\"]",
      "instances": [
        {
          "schema_version": 0,
          "attributes": {
            "access_control_policy": [
              {
                "grant": [
                  {
                    "grantee": [
                      {
                        "display_name": "sithiobrice",
                        "email_address": "",
                        "id": "8a173e4232f94707acbd66879365da0719ef5635d5b1e72f27dfebfface1043f",
                        "type": "CanonicalUser",
                        "uri": ""
                      }
                    ],
                    "permission": "FULL_CONTROL"
                  }
                ],
                "owner": [
                  {
                    "display_name": "sithiobrice",
                    "id": "8a173e4232f94707acbd66879365da0719ef5635d5b1e72f27dfebfface1043f"
                  }
                ]
              }
            ],
            "acl": "private",
            "bucket": "netflix1-default-datasource-movies",
            "expected_bucket_owner": "",
            "id": "netflix1-default-datasource-movies,private"
          },
          "sensitive_attributes": [],
          "private": "bnVsbA==",
          "dependencies": [
            "module.s3_data_source.aws_s3_bucket.bucket",
            "module.s3_data_source.aws_s3_bucket_ownership_controls.s3_bucket_acl_ownership"
          ]
        }
      ]
    },
    {
      "module": "module.s3_data_source",
      "mode": "managed",
      "type": "aws_s3_bucket_ownership_controls",
      "name": "s3_bucket_acl_ownership",
      "provider": "provider[\"registry.terraform.io/hashicorp/aws\"]",
      "instances": [
        {
          "schema_version": 0,
          "attributes": {
            "bucket": "netflix1-default-datasource-movies",
            "id": "netflix1-default-datasource-movies",
            "rule": [
              {
                "object_ownership": "ObjectWriter"
              }
            ]
          },
          "sensitive_attributes": [],
          "private": "bnVsbA==",
          "dependencies": [
            "module.s3_data_source.aws_s3_bucket.bucket"
          ]
        }
      ]
    },
    {
      "module": "module.s3_data_source",
      "mode": "managed",
      "type": "aws_s3_bucket_versioning",
      "name": "bucket_versioning",
      "provider": "provider[\"registry.terraform.io/hashicorp/aws\"]",
      "instances": [
        {
          "schema_version": 0,
          "attributes": {
            "bucket": "netflix1-default-datasource-movies",
            "expected_bucket_owner": "",
            "id": "netflix1-default-datasource-movies",
            "mfa": null,
            "versioning_configuration": [
              {
                "mfa_delete": "",
                "status": "Enabled"
              }
            ]
          },
          "sensitive_attributes": [],
          "private": "bnVsbA==",
          "dependencies": [
            "module.s3_data_source.aws_s3_bucket.bucket"
          ]
        }
      ]
    },
    {
      "module": "module.s3_data_source",
      "mode": "managed",
      "type": "aws_s3_object",
      "name": "folder",
      "provider": "provider[\"registry.terraform.io/hashicorp/aws\"]",
      "instances": [
        {
          "schema_version": 0,
          "attributes": {
            "acl": "private",
            "bucket": "netflix1-default-datasource-movies",
            "bucket_key_enabled": false,
            "cache_control": "",
            "content": null,
            "content_base64": null,
            "content_disposition": "",
            "content_encoding": "",
            "content_language": "",
            "content_type": "binary/octet-stream",
            "etag": "d41d8cd98f00b204e9800998ecf8427e",
            "force_destroy": false,
            "id": "temp-dir/",
            "key": "temp-dir/",
            "kms_key_id": null,
            "metadata": null,
            "object_lock_legal_hold_status": "",
            "object_lock_mode": "",
            "object_lock_retain_until_date": "",
            "server_side_encryption": "AES256",
            "source": null,
            "source_hash": null,
            "storage_class": "STANDARD",
            "tags": null,
            "tags_all": {},
            "version_id": "",
            "website_redirect": ""
          },
          "sensitive_attributes": [],
          "private": "bnVsbA==",
          "dependencies": [
            "module.s3_data_source.aws_s3_bucket.bucket"
          ]
        }
      ]
    },
    {
      "module": "module.s3_data_source",
      "mode": "managed",
      "type": "aws_s3_object",
      "name": "object",
      "provider": "provider[\"registry.terraform.io/hashicorp/aws\"]",
      "instances": [
        {
          "schema_version": 0,
          "attributes": {
            "acl": "private",
            "bucket": "netflix1-default-datasource-movies",
            "bucket_key_enabled": false,
            "cache_control": "",
            "content": null,
            "content_base64": null,
            "content_disposition": "",
            "content_encoding": "",
            "content_language": "",
            "content_type": "binary/octet-stream",
            "etag": "0bc7e8d9621caab0a32f46d054faca7f",
            "force_destroy": false,
            "id": "data-sources/netflix-movies/netflix_titles.csv",
            "key": "data-sources/netflix-movies/netflix_titles.csv",
            "kms_key_id": null,
            "metadata": null,
            "object_lock_legal_hold_status": "",
            "object_lock_mode": "",
            "object_lock_retain_until_date": "",
            "server_side_encryption": "AES256",
            "source": "./datasets/netflix_titles.csv",
            "source_hash": null,
            "storage_class": "STANDARD",
            "tags": null,
            "tags_all": {},
            "version_id": "",
            "website_redirect": ""
          },
          "sensitive_attributes": [],
          "private": "bnVsbA==",
          "dependencies": [
            "module.s3_data_source.aws_s3_bucket.bucket"
          ]
        }
      ]
    },
    {
      "module": "module.s3_data_source",
      "mode": "managed",
      "type": "aws_s3_object",
      "name": "object1",
      "provider": "provider[\"registry.terraform.io/hashicorp/aws\"]",
      "instances": [
        {
          "schema_version": 0,
          "attributes": {
            "acl": "private",
            "bucket": "netflix1-default-datasource-movies",
            "bucket_key_enabled": false,
            "cache_control": "",
            "content": null,
            "content_base64": null,
            "content_disposition": "",
            "content_encoding": "",
            "content_language": "",
            "content_type": "binary/octet-stream",
            "etag": "87decd65eddf56e4c4b40578c9707b9d",
            "force_destroy": false,
            "id": "scripts/script.py",
            "key": "scripts/script.py",
            "kms_key_id": null,
            "metadata": null,
            "object_lock_legal_hold_status": "",
            "object_lock_mode": "",
            "object_lock_retain_until_date": "",
            "server_side_encryption": "AES256",
            "source": "./scripts/script.py",
            "source_hash": null,
            "storage_class": "STANDARD",
            "tags": null,
            "tags_all": {},
            "version_id": "",
            "website_redirect": ""
          },
          "sensitive_attributes": [],
          "private": "bnVsbA==",
          "dependencies": [
            "module.s3_data_source.aws_s3_bucket.bucket"
          ]
        }
      ]
    }
  ]
}
